{
  "name": "base",
  "version": "0.1.0",
  "lockfileVersion": 1,
  "requires": true,
  "dependencies": {
    "caml": {
      "version": "file:caml"
    },
    "sexplib0": {
      "version": "file:sexplib"
    },
    "shadow_stdlib": {
      "version": "file:shadow-stdlib",
      "requires": {
        "caml": "file:caml"
      }
    }
  }
}
